
Microsoft Visual Studio Solution File, Format Version 12.00
# Visual Studio Version 17
VisualStudioVersion = 17.6.33712.159
MinimumVisualStudioVersion = 10.0.40219.1
Project("{9A19103F-16F7-4668-BE54-9A1E7A4F7556}") = "MotoGP.Console", "MotoGP.Console\MotoGP.Console.csproj", "{B732038D-85AB-4BEC-88A7-5A5673C7D7B7}"
EndProject
Project("{FAE04EC0-301F-11D3-BF4B-00C04F79EFBC}") = "MotoGP", "MotoGP\MotoGP.csproj", "{BC4CB6BB-1020-430A-A7C8-8A194826C587}"
EndProject
Project("{FAE04EC0-301F-11D3-BF4B-00C04F79EFBC}") = "MotoGP.WebApi", "MotoGP.WebApi\MotoGP.WebApi.csproj", "{7923F23A-4AE9-4D07-9977-F46A78A5D54D}"
EndProject
Global
	GlobalSection(SolutionConfigurationPlatforms) = preSolution
		Debug|Any CPU = Debug|Any CPU
		Release|Any CPU = Release|Any CPU
	EndGlobalSection
	GlobalSection(ProjectConfigurationPlatforms) = postSolution
		{B732038D-85AB-4BEC-88A7-5A5673C7D7B7}.Debug|Any CPU.ActiveCfg = Debug|Any CPU
		{B732038D-85AB-4BEC-88A7-5A5673C7D7B7}.Debug|Any CPU.Build.0 = Debug|Any CPU
		{B732038D-85AB-4BEC-88A7-5A5673C7D7B7}.Release|Any CPU.ActiveCfg = Release|Any CPU
		{B732038D-85AB-4BEC-88A7-5A5673C7D7B7}.Release|Any CPU.Build.0 = Release|Any CPU
		{BC4CB6BB-1020-430A-A7C8-8A194826C587}.Debug|Any CPU.ActiveCfg = Debug|Any CPU
		{BC4CB6BB-1020-430A-A7C8-8A194826C587}.Debug|Any CPU.Build.0 = Debug|Any CPU
		{BC4CB6BB-1020-430A-A7C8-8A194826C587}.Release|Any CPU.ActiveCfg = Release|Any CPU
		{BC4CB6BB-1020-430A-A7C8-8A194826C587}.Release|Any CPU.Build.0 = Release|Any CPU
		{7923F23A-4AE9-4D07-9977-F46A78A5D54D}.Debug|Any CPU.ActiveCfg = Debug|Any CPU
		{7923F23A-4AE9-4D07-9977-F46A78A5D54D}.Debug|Any CPU.Build.0 = Debug|Any CPU
		{7923F23A-4AE9-4D07-9977-F46A78A5D54D}.Release|Any CPU.ActiveCfg = Release|Any CPU
		{7923F23A-4AE9-4D07-9977-F46A78A5D54D}.Release|Any CPU.Build.0 = Release|Any CPU
	EndGlobalSection
	GlobalSection(SolutionProperties) = preSolution
		HideSolutionNode = FALSE
	EndGlobalSection
	GlobalSection(ExtensibilityGlobals) = postSolution
		SolutionGuid = {4D8A2A75-9341-4C35-8B8B-1BCAD6B08076}
	EndGlobalSection
EndGlobal
